// !$*UTF8*$!
{
	archiveVersion = 1;
	classes = {
	};
	objectVersion = 46;
	objects = {

/* Begin PBXBuildFile section */
		2CA656CC1EFB23C9000105CF /* main.cpp in Sources */ = {isa = PBXBuildFile; fileRef = 2CA656CB1EFB23C9000105CF /* main.cpp */; };
		2CA656DA1EFB646E000105CF /* logVarOperators.cpp in Sources */ = {isa = PBXBuildFile; fileRef = 2CA656D91EFB646E000105CF /* logVarOperators.cpp */; };
		2CA656DC1EFB6473000105CF /* logVarMethods.cpp in Sources */ = {isa = PBXBuildFile; fileRef = 2CA656DB1EFB6473000105CF /* logVarMethods.cpp */; };
		2CA656DE1EFB647C000105CF /* errorMessages.h in Headers */ = {isa = PBXBuildFile; fileRef = 2CA656DD1EFB647C000105CF /* errorMessages.h */; };
		2CA656E01EFB6486000105CF /* logVar.h in Headers */ = {isa = PBXBuildFile; fileRef = 2CA656DF1EFB6486000105CF /* logVar.h */; };
/* End PBXBuildFile section */

/* Begin PBXCopyFilesBuildPhase section */
		2CA656C61EFB23C9000105CF /* CopyFiles */ = {
			isa = PBXCopyFilesBuildPhase;
			buildActionMask = 2147483647;
			dstPath = /usr/share/man/man1/;
			dstSubfolderSpec = 0;
			files = (
			);
			runOnlyForDeploymentPostprocessing = 1;
		};
/* End PBXCopyFilesBuildPhase section */

/* Begin PBXFileReference section */
		2CA656C81EFB23C9000105CF /* hmhm */ = {isa = PBXFileReference; explicitFileType = "compiled.mach-o.executable"; includeInIndex = 0; path = hmhm; sourceTree = BUILT_PRODUCTS_DIR; };
		2CA656CB1EFB23C9000105CF /* main.cpp */ = {isa = PBXFileReference; lastKnownFileType = sourcecode.cpp.cpp; path = main.cpp; sourceTree = "<group>"; };
		2CA656D21EFB23D8000105CF /* src */ = {isa = PBXFileReference; lastKnownFileType = folder; name = src; path = ../../src; sourceTree = "<group>"; };
		2CA656D91EFB646E000105CF /* logVarOperators.cpp */ = {isa = PBXFileReference; lastKnownFileType = sourcecode.cpp.cpp; name = logVarOperators.cpp; path = ../src/logVar/logVarOperators.cpp; sourceTree = "<group>"; };
		2CA656DB1EFB6473000105CF /* logVarMethods.cpp */ = {isa = PBXFileReference; lastKnownFileType = sourcecode.cpp.cpp; name = logVarMethods.cpp; path = ../src/logVar/logVarMethods.cpp; sourceTree = "<group>"; };
		2CA656DD1EFB647C000105CF /* errorMessages.h */ = {isa = PBXFileReference; lastKnownFileType = sourcecode.c.h; name = errorMessages.h; path = ../src/messages/errorMessages.h; sourceTree = "<group>"; };
		2CA656DF1EFB6486000105CF /* logVar.h */ = {isa = PBXFileReference; lastKnownFileType = sourcecode.c.h; name = logVar.h; path = ../src/logVar/logVar.h; sourceTree = "<group>"; };
/* End PBXFileReference section */

/* Begin PBXFrameworksBuildPhase section */
		2CA656C51EFB23C9000105CF /* Frameworks */ = {
			isa = PBXFrameworksBuildPhase;
			buildActionMask = 2147483647;
			files = (
			);
			runOnlyForDeploymentPostprocessing = 0;
		};
/* End PBXFrameworksBuildPhase section */

/* Begin PBXGroup section */
		2CA656BF1EFB23C9000105CF = {
			isa = PBXGroup;
			children = (
				2CA656DF1EFB6486000105CF /* logVar.h */,
				2CA656DD1EFB647C000105CF /* errorMessages.h */,
				2CA656DB1EFB6473000105CF /* logVarMethods.cpp */,
				2CA656D91EFB646E000105CF /* logVarOperators.cpp */,
				2CA656CA1EFB23C9000105CF /* hmhm */,
				2CA656C91EFB23C9000105CF /* Products */,
			);
			sourceTree = "<group>";
		};
		2CA656C91EFB23C9000105CF /* Products */ = {
			isa = PBXGroup;
			children = (
				2CA656C81EFB23C9000105CF /* hmhm */,
			);
			name = Products;
			sourceTree = "<group>";
		};
		2CA656CA1EFB23C9000105CF /* hmhm */ = {
			isa = PBXGroup;
			children = (
				2CA656CB1EFB23C9000105CF /* main.cpp */,
				2CA656D21EFB23D8000105CF /* src */,
			);
			path = hmhm;
			sourceTree = "<group>";
		};
/* End PBXGroup section */

/* Begin PBXHeadersBuildPhase section */
		2CA656D41EFB60D8000105CF /* Headers */ = {
			isa = PBXHeadersBuildPhase;
			buildActionMask = 2147483647;
			files = (
				2CA656DE1EFB647C000105CF /* errorMessages.h in Headers */,
				2CA656E01EFB6486000105CF /* logVar.h in Headers */,
			);
			runOnlyForDeploymentPostprocessing = 0;
		};
/* End PBXHeadersBuildPhase section */

/* Begin PBXNativeTarget section */
		2CA656C71EFB23C9000105CF /* hmhm */ = {
			isa = PBXNativeTarget;
			buildConfigurationList = 2CA656CF1EFB23C9000105CF /* Build configuration list for PBXNativeTarget "hmhm" */;
			buildPhases = (
				2CA656C41EFB23C9000105CF /* Sources */,
				2CA656C51EFB23C9000105CF /* Frameworks */,
				2CA656C61EFB23C9000105CF /* CopyFiles */,
				2CA656D41EFB60D8000105CF /* Headers */,
			);
			buildRules = (
			);
			dependencies = (
			);
			name = hmhm;
			productName = hmhm;
			productReference = 2CA656C81EFB23C9000105CF /* hmhm */;
			productType = "com.apple.product-type.tool";
		};
/* End PBXNativeTarget section */

/* Begin PBXProject section */
		2CA656C01EFB23C9000105CF /* Project object */ = {
			isa = PBXProject;
			attributes = {
				LastUpgradeCheck = 0820;
				ORGANIZATIONNAME = me;
				TargetAttributes = {
					2CA656C71EFB23C9000105CF = {
						CreatedOnToolsVersion = 8.2.1;
						ProvisioningStyle = Automatic;
					};
				};
			};
			buildConfigurationList = 2CA656C31EFB23C9000105CF /* Build configuration list for PBXProject "hmhm" */;
			compatibilityVersion = "Xcode 3.2";
			developmentRegion = English;
			hasScannedForEncodings = 0;
			knownRegions = (
				en,
			);
			mainGroup = 2CA656BF1EFB23C9000105CF;
			productRefGroup = 2CA656C91EFB23C9000105CF /* Products */;
			projectDirPath = "";
			projectRoot = "";
			targets = (
				2CA656C71EFB23C9000105CF /* hmhm */,
			);
		};
/* End PBXProject section */

/* Begin PBXSourcesBuildPhase section */
		2CA656C41EFB23C9000105CF /* Sources */ = {
			isa = PBXSourcesBuildPhase;
			buildActionMask = 2147483647;
			files = (
				2CA656CC1EFB23C9000105CF /* main.cpp in Sources */,
				2CA656DA1EFB646E000105CF /* logVarOperators.cpp in Sources */,
				2CA656DC1EFB6473000105CF /* logVarMethods.cpp in Sources */,
			);
			runOnlyForDeploymentPostprocessing = 0;
		};
/* End PBXSourcesBuildPhase section */

/* Begin XCBuildConfiguration section */
		2CA656CD1EFB23C9000105CF /* Debug */ = {
			isa = XCBuildConfiguration;
			buildSettings = {
				ALWAYS_SEARCH_USER_PATHS = NO;
				CLANG_ANALYZER_NONNULL = YES;
				CLANG_CXX_LANGUAGE_STANDARD = "gnu++0x";
				CLANG_CXX_LIBRARY = "libc++";
				CLANG_ENABLE_MODULES = YES;
				CLANG_ENABLE_OBJC_ARC = YES;
				CLANG_WARN_BOOL_CONVERSION = YES;
				CLANG_WARN_CONSTANT_CONVERSION = YES;
				CLANG_WARN_DIRECT_OBJC_ISA_USAGE = YES_ERROR;
				CLANG_WARN_DOCUMENTATION_COMMENTS = YES;
				CLANG_WARN_EMPTY_BODY = YES;
				CLANG_WARN_ENUM_CONVERSION = YES;
				CLANG_WARN_INFINITE_RECURSION = YES;
				CLANG_WARN_INT_CONVERSION = YES;
				CLANG_WARN_OBJC_ROOT_CLASS = YES_ERROR;
				CLANG_WARN_SUSPICIOUS_MOVE = YES;
				CLANG_WARN_UNREACHABLE_CODE = YES;
				CLANG_WARN__DUPLICATE_METHOD_MATCH = YES;
				CODE_SIGN_IDENTITY = "-";
				COPY_PHASE_STRIP = NO;
				DEBUG_INFORMATION_FORMAT = dwarf;
				ENABLE_STRICT_OBJC_MSGSEND = YES;
				ENABLE_TESTABILITY = YES;
				GCC_C_LANGUAGE_STANDARD = gnu99;
				GCC_DYNAMIC_NO_PIC = NO;
				GCC_NO_COMMON_BLOCKS = YES;
				GCC_OPTIMIZATION_LEVEL = 0;
				GCC_PREPROCESSOR_DEFINITIONS = (
					"DEBUG=1",
					"$(inherited)",
				);
				GCC_WARN_64_TO_32_BIT_CONVERSION = YES;
				GCC_WARN_ABOUT_RETURN_TYPE = YES_ERROR;
				GCC_WARN_UNDECLARED_SELECTOR = YES;
				GCC_WARN_UNINITIALIZED_AUTOS = YES_AGGRESSIVE;
				GCC_WARN_UNUSED_FUNCTION = YES;
				GCC_WARN_UNUSED_VARIABLE = YES;
				MACOSX_DEPLOYMENT_TARGET = 10.11;
				MTL_ENABLE_DEBUG_INFO = YES;
				ONLY_ACTIVE_ARCH = YES;
				SDKROOT = macosx;
			};
			name = Debug;
		};
		2CA656CE1EFB23C9000105CF /* Release */ = {
			isa = XCBuildConfiguration;
			buildSettings = {
				ALWAYS_SEARCH_USER_PATHS = NO;
				CLANG_ANALYZER_NONNULL = YES;
				CLANG_CXX_LANGUAGE_STANDARD = "gnu++0x";
				CLANG_CXX_LIBRARY = "libc++";
				CLANG_ENABLE_MODULES = YES;
				CLANG_ENABLE_OBJC_ARC = YES;
				CLANG_WARN_BOOL_CONVERSION = YES;
				CLANG_WARN_CONSTANT_CONVERSION = YES;
				CLANG_WARN_DIRECT_OBJC_ISA_USAGE = YES_ERROR;
				CLANG_WARN_DOCUMENTATION_COMMENTS = YES;
				CLANG_WARN_EMPTY_BODY = YES;
				CLANG_WARN_ENUM_CONVERSION = YES;
				CLANG_WARN_INFINITE_RECURSION = YES;
				CLANG_WARN_INT_CONVERSION = YES;
				CLANG_WARN_OBJC_ROOT_CLASS = YES_ERROR;
				CLANG_WARN_SUSPICIOUS_MOVE = YES;
				CLANG_WARN_UNREACHABLE_CODE = YES;
				CLANG_WARN__DUPLICATE_METHOD_MATCH = YES;
				CODE_SIGN_IDENTITY = "-";
				COPY_PHASE_STRIP = NO;
				DEBUG_INFORMATION_FORMAT = "dwarf-with-dsym";
				ENABLE_NS_ASSERTIONS = NO;
				ENABLE_STRICT_OBJC_MSGSEND = YES;
				GCC_C_LANGUAGE_STANDARD = gnu99;
				GCC_NO_COMMON_BLOCKS = YES;
				GCC_WARN_64_TO_32_BIT_CONVERSION = YES;
				GCC_WARN_ABOUT_RETURN_TYPE = YES_ERROR;
				GCC_WARN_UNDECLARED_SELECTOR = YES;
				GCC_WARN_UNINITIALIZED_AUTOS = YES_AGGRESSIVE;
				GCC_WARN_UNUSED_FUNCTION = YES;
				GCC_WARN_UNUSED_VARIABLE = YES;
				MACOSX_DEPLOYMENT_TARGET = 10.11;
				MTL_ENABLE_DEBUG_INFO = NO;
				SDKROOT = macosx;
			};
			name = Release;
		};
		2CA656D01EFB23C9000105CF /* Debug */ = {
			isa = XCBuildConfiguration;
			buildSettings = {
				PRODUCT_NAME = "$(TARGET_NAME)";
			};
			name = Debug;
		};
		2CA656D11EFB23C9000105CF /* Release */ = {
			isa = XCBuildConfiguration;
			buildSettings = {
				PRODUCT_NAME = "$(TARGET_NAME)";
			};
			name = Release;
		};
/* End XCBuildConfiguration section */

/* Begin XCConfigurationList section */
		2CA656C31EFB23C9000105CF /* Build configuration list for PBXProject "hmhm" */ = {
			isa = XCConfigurationList;
			buildConfigurations = (
				2CA656CD1EFB23C9000105CF /* Debug */,
				2CA656CE1EFB23C9000105CF /* Release */,
			);
			defaultConfigurationIsVisible = 0;
			defaultConfigurationName = Release;
		};
		2CA656CF1EFB23C9000105CF /* Build configuration list for PBXNativeTarget "hmhm" */ = {
			isa = XCConfigurationList;
			buildConfigurations = (
				2CA656D01EFB23C9000105CF /* Debug */,
				2CA656D11EFB23C9000105CF /* Release */,
			);
			defaultConfigurationIsVisible = 0;
		};
/* End XCConfigurationList section */
	};
	rootObject = 2CA656C01EFB23C9000105CF /* Project object */;
}
